
Microsoft Visual Studio Solution File, Format Version 12.00
# Visual Studio Version 17
VisualStudioVersion = 17.1.32228.430
MinimumVisualStudioVersion = 10.0.40219.1
Project("{FAE04EC0-301F-11D3-BF4B-00C04F79EFBC}") = "Practice_4.2", "Practice_4.2\Practice_4.2.csproj", "{BC0CF837-B352-45DA-BC01-5B15A48E56E6}"
EndProject
Project("{FAE04EC0-301F-11D3-BF4B-00C04F79EFBC}") = "Practice_4.4", "..\Practice_4.4\Practice_4.4\Practice_4.4.csproj", "{2A376BF0-0C54-4D79-BEA8-9CC7AC670081}"
EndProject
Global
	GlobalSection(SolutionConfigurationPlatforms) = preSolution
		Debug|Any CPU = Debug|Any CPU
		Release|Any CPU = Release|Any CPU
	EndGlobalSection
	GlobalSection(ProjectConfigurationPlatforms) = postSolution
		{BC0CF837-B352-45DA-BC01-5B15A48E56E6}.Debug|Any CPU.ActiveCfg = Debug|Any CPU
		{BC0CF837-B352-45DA-BC01-5B15A48E56E6}.Debug|Any CPU.Build.0 = Debug|Any CPU
		{BC0CF837-B352-45DA-BC01-5B15A48E56E6}.Release|Any CPU.ActiveCfg = Release|Any CPU
		{BC0CF837-B352-45DA-BC01-5B15A48E56E6}.Release|Any CPU.Build.0 = Release|Any CPU
		{2A376BF0-0C54-4D79-BEA8-9CC7AC670081}.Debug|Any CPU.ActiveCfg = Debug|Any CPU
		{2A376BF0-0C54-4D79-BEA8-9CC7AC670081}.Debug|Any CPU.Build.0 = Debug|Any CPU
		{2A376BF0-0C54-4D79-BEA8-9CC7AC670081}.Release|Any CPU.ActiveCfg = Release|Any CPU
		{2A376BF0-0C54-4D79-BEA8-9CC7AC670081}.Release|Any CPU.Build.0 = Release|Any CPU
	EndGlobalSection
	GlobalSection(SolutionProperties) = preSolution
		HideSolutionNode = FALSE
	EndGlobalSection
	GlobalSection(ExtensibilityGlobals) = postSolution
		SolutionGuid = {7DA6B845-E987-478C-81BB-2D0E3EE57C46}
	EndGlobalSection
EndGlobal
